
Microsoft Visual Studio Solution File, Format Version 12.00
# Visual Studio Version 17
VisualStudioVersion = 17.11.35312.102
MinimumVisualStudioVersion = 10.0.40219.1
Project("{9A19103F-16F7-4668-BE54-9A1E7A4F7556}") = "ClientAPIGetwayController", "ClientAPIGetwayController\ClientAPIGetwayController.csproj", "{22231D6A-6C82-4FB9-821A-972C3F027676}"
EndProject
Global
	GlobalSection(SolutionConfigurationPlatforms) = preSolution
		Debug|Any CPU = Debug|Any CPU
		Release|Any CPU = Release|Any CPU
	EndGlobalSection
	GlobalSection(ProjectConfigurationPlatforms) = postSolution
		{22231D6A-6C82-4FB9-821A-972C3F027676}.Debug|Any CPU.ActiveCfg = Debug|Any CPU
		{22231D6A-6C82-4FB9-821A-972C3F027676}.Debug|Any CPU.Build.0 = Debug|Any CPU
		{22231D6A-6C82-4FB9-821A-972C3F027676}.Release|Any CPU.ActiveCfg = Release|Any CPU
		{22231D6A-6C82-4FB9-821A-972C3F027676}.Release|Any CPU.Build.0 = Release|Any CPU
	EndGlobalSection
	GlobalSection(SolutionProperties) = preSolution
		HideSolutionNode = FALSE
	EndGlobalSection
	GlobalSection(ExtensibilityGlobals) = postSolution
		SolutionGuid = {6513C524-63F9-4B0A-B3C1-14E869DD0B84}
	EndGlobalSection
EndGlobal
